
Microsoft Visual Studio Solution File, Format Version 12.00
# Visual Studio Version 16
VisualStudioVersion = 16.0.30225.117
MinimumVisualStudioVersion = 10.0.40219.1
Project("{FAE04EC0-301F-11D3-BF4B-00C04F79EFBC}") = "ServicioApi", "ServicioApi\ServicioApi.csproj", "{45CE3E4E-B193-491B-998D-3C54AB7D2059}"
EndProject
Global
	GlobalSection(SolutionConfigurationPlatforms) = preSolution
		Debug|Any CPU = Debug|Any CPU
		Release|Any CPU = Release|Any CPU
	EndGlobalSection
	GlobalSection(ProjectConfigurationPlatforms) = postSolution
		{45CE3E4E-B193-491B-998D-3C54AB7D2059}.Debug|Any CPU.ActiveCfg = Debug|Any CPU
		{45CE3E4E-B193-491B-998D-3C54AB7D2059}.Debug|Any CPU.Build.0 = Debug|Any CPU
		{45CE3E4E-B193-491B-998D-3C54AB7D2059}.Release|Any CPU.ActiveCfg = Release|Any CPU
		{45CE3E4E-B193-491B-998D-3C54AB7D2059}.Release|Any CPU.Build.0 = Release|Any CPU
	EndGlobalSection
	GlobalSection(SolutionProperties) = preSolution
		HideSolutionNode = FALSE
	EndGlobalSection
	GlobalSection(ExtensibilityGlobals) = postSolution
		SolutionGuid = {4387829C-F07C-4C57-A791-0A8B602E471F}
	EndGlobalSection
EndGlobal
